
Microsoft Visual Studio Solution File, Format Version 12.00
# Visual Studio Version 17
VisualStudioVersion = 17.10.34928.147
MinimumVisualStudioVersion = 10.0.40219.1
Project("{9A19103F-16F7-4668-BE54-9A1E7A4F7556}") = "OrderManagementSystem.APIs", "OrderManagementSystem.APIs\OrderManagementSystem.APIs.csproj", "{15C0FC25-F842-4E23-91B0-C0BF6A1211E6}"
EndProject
Project("{9A19103F-16F7-4668-BE54-9A1E7A4F7556}") = "OrderManagementSystem.Application", "OrderManagementSystem.Application\OrderManagementSystem.Application.csproj", "{6D890913-6CB4-4C15-ACD3-45E2EE9F7CDD}"
EndProject
Project("{9A19103F-16F7-4668-BE54-9A1E7A4F7556}") = "OrderManagementSystem.Core", "OrderManagementSystem.Core\OrderManagementSystem.Core.csproj", "{08F26ABB-B9C4-43FB-BF2E-560224CEEBA8}"
EndProject
Project("{9A19103F-16F7-4668-BE54-9A1E7A4F7556}") = "OrderManagementSystem.Infrastructure", "OrderManagementSystem.Infrastructure\OrderManagementSystem.Infrastructure.csproj", "{AF815045-1569-435B-A9D8-FB1897ABC16B}"
EndProject
Project("{FAE04EC0-301F-11D3-BF4B-00C04F79EFBC}") = "OrderManagementSystem.Test", "OrderManagementSystem.Test\OrderManagementSystem.Test.csproj", "{6080E070-E7DD-4876-8011-8C50FA8E3672}"
EndProject
Global
	GlobalSection(SolutionConfigurationPlatforms) = preSolution
		Debug|Any CPU = Debug|Any CPU
		Release|Any CPU = Release|Any CPU
	EndGlobalSection
	GlobalSection(ProjectConfigurationPlatforms) = postSolution
		{15C0FC25-F842-4E23-91B0-C0BF6A1211E6}.Debug|Any CPU.ActiveCfg = Debug|Any CPU
		{15C0FC25-F842-4E23-91B0-C0BF6A1211E6}.Debug|Any CPU.Build.0 = Debug|Any CPU
		{15C0FC25-F842-4E23-91B0-C0BF6A1211E6}.Release|Any CPU.ActiveCfg = Release|Any CPU
		{15C0FC25-F842-4E23-91B0-C0BF6A1211E6}.Release|Any CPU.Build.0 = Release|Any CPU
		{6D890913-6CB4-4C15-ACD3-45E2EE9F7CDD}.Debug|Any CPU.ActiveCfg = Debug|Any CPU
		{6D890913-6CB4-4C15-ACD3-45E2EE9F7CDD}.Debug|Any CPU.Build.0 = Debug|Any CPU
		{6D890913-6CB4-4C15-ACD3-45E2EE9F7CDD}.Release|Any CPU.ActiveCfg = Release|Any CPU
		{6D890913-6CB4-4C15-ACD3-45E2EE9F7CDD}.Release|Any CPU.Build.0 = Release|Any CPU
		{08F26ABB-B9C4-43FB-BF2E-560224CEEBA8}.Debug|Any CPU.ActiveCfg = Debug|Any CPU
		{08F26ABB-B9C4-43FB-BF2E-560224CEEBA8}.Debug|Any CPU.Build.0 = Debug|Any CPU
		{08F26ABB-B9C4-43FB-BF2E-560224CEEBA8}.Release|Any CPU.ActiveCfg = Release|Any CPU
		{08F26ABB-B9C4-43FB-BF2E-560224CEEBA8}.Release|Any CPU.Build.0 = Release|Any CPU
		{AF815045-1569-435B-A9D8-FB1897ABC16B}.Debug|Any CPU.ActiveCfg = Debug|Any CPU
		{AF815045-1569-435B-A9D8-FB1897ABC16B}.Debug|Any CPU.Build.0 = Debug|Any CPU
		{AF815045-1569-435B-A9D8-FB1897ABC16B}.Release|Any CPU.ActiveCfg = Release|Any CPU
		{AF815045-1569-435B-A9D8-FB1897ABC16B}.Release|Any CPU.Build.0 = Release|Any CPU
		{6080E070-E7DD-4876-8011-8C50FA8E3672}.Debug|Any CPU.ActiveCfg = Debug|Any CPU
		{6080E070-E7DD-4876-8011-8C50FA8E3672}.Debug|Any CPU.Build.0 = Debug|Any CPU
		{6080E070-E7DD-4876-8011-8C50FA8E3672}.Release|Any CPU.ActiveCfg = Release|Any CPU
		{6080E070-E7DD-4876-8011-8C50FA8E3672}.Release|Any CPU.Build.0 = Release|Any CPU
	EndGlobalSection
	GlobalSection(SolutionProperties) = preSolution
		HideSolutionNode = FALSE
	EndGlobalSection
	GlobalSection(ExtensibilityGlobals) = postSolution
		SolutionGuid = {1F818E46-2E00-4D99-9E4B-D36E012DE0C2}
	EndGlobalSection
EndGlobal
